
Microsoft Visual Studio Solution File, Format Version 10.00
# Visual Studio 2008
Project("{FAE04EC0-301F-11D3-BF4B-00C04F79EFBC}") = "FirstChart", "FirstChart\FirstChart.csproj", "{B97A7134-DA85-45F9-B662-DF155033DD2A}"
EndProject
Global
	GlobalSection(SolutionConfigurationPlatforms) = preSolution
		Debug|Any CPU = Debug|Any CPU
		Release|Any CPU = Release|Any CPU
	EndGlobalSection
	GlobalSection(ProjectConfigurationPlatforms) = postSolution
		{B97A7134-DA85-45F9-B662-DF155033DD2A}.Debug|Any CPU.ActiveCfg = Debug|Any CPU
		{B97A7134-DA85-45F9-B662-DF155033DD2A}.Debug|Any CPU.Build.0 = Debug|Any CPU
		{B97A7134-DA85-45F9-B662-DF155033DD2A}.Release|Any CPU.ActiveCfg = Release|Any CPU
		{B97A7134-DA85-45F9-B662-DF155033DD2A}.Release|Any CPU.Build.0 = Release|Any CPU
	EndGlobalSection
	GlobalSection(SolutionProperties) = preSolution
		HideSolutionNode = FALSE
	EndGlobalSection
EndGlobal
